
Microsoft Visual Studio Solution File, Format Version 12.00
# Visual Studio 15
VisualStudioVersion = 15.0.28307.1525
MinimumVisualStudioVersion = 10.0.40219.1
Project("{FAE04EC0-301F-11D3-BF4B-00C04F79EFBC}") = "Sifreli_Veriler", "Sifreli_Veriler\Sifreli_Veriler.csproj", "{2C64FDB6-CE2F-4299-9E57-75315088F8BE}"
EndProject
Global
	GlobalSection(SolutionConfigurationPlatforms) = preSolution
		Debug|Any CPU = Debug|Any CPU
		Release|Any CPU = Release|Any CPU
	EndGlobalSection
	GlobalSection(ProjectConfigurationPlatforms) = postSolution
		{2C64FDB6-CE2F-4299-9E57-75315088F8BE}.Debug|Any CPU.ActiveCfg = Debug|Any CPU
		{2C64FDB6-CE2F-4299-9E57-75315088F8BE}.Debug|Any CPU.Build.0 = Debug|Any CPU
		{2C64FDB6-CE2F-4299-9E57-75315088F8BE}.Release|Any CPU.ActiveCfg = Release|Any CPU
		{2C64FDB6-CE2F-4299-9E57-75315088F8BE}.Release|Any CPU.Build.0 = Release|Any CPU
	EndGlobalSection
	GlobalSection(SolutionProperties) = preSolution
		HideSolutionNode = FALSE
	EndGlobalSection
	GlobalSection(ExtensibilityGlobals) = postSolution
		SolutionGuid = {E2010FBD-5F91-4C48-9519-3408221C7E57}
	EndGlobalSection
EndGlobal
